# THIS IS AN AUTOGENERATED FILE. DO NOT EDIT THIS FILE DIRECTLY.
# yarn lockfile v1


buffer-crc32@0.2.1:
  version "0.2.1"
  resolved "https://registry.yarnpkg.com/buffer-crc32/-/buffer-crc32-0.2.1.tgz#be3e5382fc02b6d6324956ac1af98aa98b08534c"

bytes@1.0.0:
  version "1.0.0"
  resolved "https://registry.yarnpkg.com/bytes/-/bytes-1.0.0.tgz#3569ede8ba34315fab99c3e92cb04c7220de1fa8"

cookie-parser@1.1.0:
  version "1.1.0"
  resolved "https://registry.yarnpkg.com/cookie-parser/-/cookie-parser-1.1.0.tgz#2f8265aa3b55733a85eef207f0e2530c3e8cf705"
  dependencies:
    cookie "0.1.2"
    cookie-signature "1.0.3"

cookie-signature@1.0.3:
  version "1.0.3"
  resolved "https://registry.yarnpkg.com/cookie-signature/-/cookie-signature-1.0.3.tgz#91cd997cc51fb641595738c69cda020328f50ff9"

cookie@0.1.2:
  version "0.1.2"
  resolved "https://registry.yarnpkg.com/cookie/-/cookie-0.1.2.tgz#72fec3d24e48a3432073d90c12642005061004b1"

csurf@1.2.0:
  version "1.2.0"
  resolved "https://registry.yarnpkg.com/csurf/-/csurf-1.2.0.tgz#56d1d1e921a4027e6adf87f51e706b825c74ab13"
  dependencies:
    scmp "~0.0.3"
    uid2 "~0.0.2"

debug@0.8.1:
  version "0.8.1"
  resolved "https://registry.yarnpkg.com/debug/-/debug-0.8.1.tgz#20ff4d26f5e422cb68a1bacbbb61039ad8c1c130"

debug@1.0.0:
  version "1.0.0"
  resolved "https://registry.yarnpkg.com/debug/-/debug-1.0.0.tgz#553678b67494cacc2d5330c24dfb2f275b1ceb5a"
  dependencies:
    ms "0.6.2"

express-session@1.2.1:
  version "1.2.1"
  resolved "https://registry.yarnpkg.com/express-session/-/express-session-1.2.1.tgz#2741a1661eb3a4a17a7db0a48049fbf05574e465"
  dependencies:
    buffer-crc32 "0.2.1"
    cookie "0.1.2"
    cookie-signature "1.0.3"
    debug "0.8.1"
    on-headers "0.0.0"
    uid2 "0.0.3"
    utils-merge "1.0.0"

morgan@1.1.1:
  version "1.1.1"
  resolved "https://registry.yarnpkg.com/morgan/-/morgan-1.1.1.tgz#cde45d2e807ebcc439745846ea80392e69098146"
  dependencies:
    bytes "1.0.0"

ms@0.6.2:
  version "0.6.2"
  resolved "https://registry.yarnpkg.com/ms/-/ms-0.6.2.tgz#d89c2124c6fdc1353d65a8b77bf1aac4b193708c"

on-headers@0.0.0:
  version "0.0.0"
  resolved "https://registry.yarnpkg.com/on-headers/-/on-headers-0.0.0.tgz#ee2817f8344325785cd9c2df2b242bbc17caf4c4"

scmp@~0.0.3:
  version "0.0.3"
  resolved "https://registry.yarnpkg.com/scmp/-/scmp-0.0.3.tgz#3648df2d7294641e7f78673ffc29681d9bad9073"

socket.io-bundle@^0.1.2:
  version "0.1.2"
  resolved "https://registry.yarnpkg.com/socket.io-bundle/-/socket.io-bundle-0.1.2.tgz#4975d8d7470b7f86ec7c1a10dafee3f13bc9cb6f"
  dependencies:
    cookie-parser "1.1.0"
    csurf "1.2.0"
    debug "1.0.0"
    express-session "1.2.1"
    morgan "1.1.1"

socket.io-passport@^0.1.1:
  version "0.1.1"
  resolved "https://registry.yarnpkg.com/socket.io-passport/-/socket.io-passport-0.1.1.tgz#0af74dfe2a2490c85cbdaef3aa4591d5844dcbc8"

uid2@0.0.3, uid2@~0.0.2:
  version "0.0.3"
  resolved "https://registry.yarnpkg.com/uid2/-/uid2-0.0.3.tgz#483126e11774df2f71b8b639dcd799c376162b82"

utils-merge@1.0.0:
  version "1.0.0"
  resolved "https://registry.yarnpkg.com/utils-merge/-/utils-merge-1.0.0.tgz#0294fb922bb9375153541c4f7096231f287c8af8"
